// !$*UTF8*$!
{
	archiveVersion = 1;
	classes = {
	};
	objectVersion = 50;
	objects = {

/* Begin PBXBuildFile section */
		512B6E3A2150E1E00068A9F0 /* AppDelegate.swift in Sources */ = {isa = PBXBuildFile; fileRef = 512B6E392150E1E00068A9F0 /* AppDelegate.swift */; };
		512B6E3C2150E1E00068A9F0 /* ViewController.swift in Sources */ = {isa = PBXBuildFile; fileRef = 512B6E3B2150E1E00068A9F0 /* ViewController.swift */; };
		512B6E3E2150E1E10068A9F0 /* Assets.xcassets in Resources */ = {isa = PBXBuildFile; fileRef = 512B6E3D2150E1E10068A9F0 /* Assets.xcassets */; };
		512B6E412150E1E10068A9F0 /* Main.storyboard in Resources */ = {isa = PBXBuildFile; fileRef = 512B6E3F2150E1E10068A9F0 /* Main.storyboard */; };
		512B6E4A2150E83B0068A9F0 /* server.py in Resources */ = {isa = PBXBuildFile; fileRef = 512B6E492150E83B0068A9F0 /* server.py */; };
		51D09CFF2151A4CE00BCAB0C /* Client.swift in Sources */ = {isa = PBXBuildFile; fileRef = 51D09CFE2151A4CE00BCAB0C /* Client.swift */; };
/* End PBXBuildFile section */

/* Begin PBXFileReference section */
		512B6E362150E1E00068A9F0 /* Hydraulink.app */ = {isa = PBXFileReference; explicitFileType = wrapper.application; includeInIndex = 0; path = Hydraulink.app; sourceTree = BUILT_PRODUCTS_DIR; };
		512B6E392150E1E00068A9F0 /* AppDelegate.swift */ = {isa = PBXFileReference; lastKnownFileType = sourcecode.swift; path = AppDelegate.swift; sourceTree = "<group>"; };
		512B6E3B2150E1E00068A9F0 /* ViewController.swift */ = {isa = PBXFileReference; lastKnownFileType = sourcecode.swift; path = ViewController.swift; sourceTree = "<group>"; };
		512B6E3D2150E1E10068A9F0 /* Assets.xcassets */ = {isa = PBXFileReference; lastKnownFileType = folder.assetcatalog; path = Assets.xcassets; sourceTree = "<group>"; };
		512B6E402150E1E10068A9F0 /* Base */ = {isa = PBXFileReference; lastKnownFileType = file.storyboard; name = Base; path = Base.lproj/Main.storyboard; sourceTree = "<group>"; };
		512B6E422150E1E10068A9F0 /* Info.plist */ = {isa = PBXFileReference; lastKnownFileType = text.plist.xml; path = Info.plist; sourceTree = "<group>"; };
		512B6E432150E1E10068A9F0 /* SocketClient.entitlements */ = {isa = PBXFileReference; lastKnownFileType = text.plist.entitlements; path = SocketClient.entitlements; sourceTree = "<group>"; };
		512B6E492150E83B0068A9F0 /* server.py */ = {isa = PBXFileReference; lastKnownFileType = text.script.python; path = server.py; sourceTree = "<group>"; };
		51D09CFE2151A4CE00BCAB0C /* Client.swift */ = {isa = PBXFileReference; lastKnownFileType = sourcecode.swift; path = Client.swift; sourceTree = "<group>"; };
/* End PBXFileReference section */

/* Begin PBXFrameworksBuildPhase section */
		512B6E332150E1E00068A9F0 /* Frameworks */ = {
			isa = PBXFrameworksBuildPhase;
			buildActionMask = 2147483647;
			files = (
			);
			runOnlyForDeploymentPostprocessing = 0;
		};
/* End PBXFrameworksBuildPhase section */

/* Begin PBXGroup section */
		512B6E2D2150E1E00068A9F0 = {
			isa = PBXGroup;
			children = (
				512B6E382150E1E00068A9F0 /* SocketClient */,
				512B6E372150E1E00068A9F0 /* Products */,
			);
			sourceTree = "<group>";
		};
		512B6E372150E1E00068A9F0 /* Products */ = {
			isa = PBXGroup;
			children = (
				512B6E362150E1E00068A9F0 /* Hydraulink.app */,
			);
			name = Products;
			sourceTree = "<group>";
		};
		512B6E382150E1E00068A9F0 /* SocketClient */ = {
			isa = PBXGroup;
			children = (
				512B6E392150E1E00068A9F0 /* AppDelegate.swift */,
				512B6E3B2150E1E00068A9F0 /* ViewController.swift */,
				512B6E3D2150E1E10068A9F0 /* Assets.xcassets */,
				512B6E3F2150E1E10068A9F0 /* Main.storyboard */,
				512B6E422150E1E10068A9F0 /* Info.plist */,
				512B6E432150E1E10068A9F0 /* SocketClient.entitlements */,
				512B6E492150E83B0068A9F0 /* server.py */,
				51D09CFE2151A4CE00BCAB0C /* Client.swift */,
			);
			path = SocketClient;
			sourceTree = "<group>";
		};
/* End PBXGroup section */

/* Begin PBXNativeTarget section */
		512B6E352150E1E00068A9F0 /* Hydraulink */ = {
			isa = PBXNativeTarget;
			buildConfigurationList = 512B6E462150E1E10068A9F0 /* Build configuration list for PBXNativeTarget "Hydraulink" */;
			buildPhases = (
				512B6E322150E1E00068A9F0 /* Sources */,
				512B6E332150E1E00068A9F0 /* Frameworks */,
				512B6E342150E1E00068A9F0 /* Resources */,
			);
			buildRules = (
			);
			dependencies = (
			);
			name = Hydraulink;
			productName = SocketClient;
			productReference = 512B6E362150E1E00068A9F0 /* Hydraulink.app */;
			productType = "com.apple.product-type.application";
		};
/* End PBXNativeTarget section */

/* Begin PBXProject section */
		512B6E2E2150E1E00068A9F0 /* Project object */ = {
			isa = PBXProject;
			attributes = {
				LastSwiftUpdateCheck = 1000;
				LastUpgradeCheck = 1000;
				ORGANIZATIONNAME = "Terna Kpamber";
				TargetAttributes = {
					512B6E352150E1E00068A9F0 = {
						CreatedOnToolsVersion = 10.0;
						SystemCapabilities = {
							com.apple.Sandbox = {
								enabled = 1;
							};
						};
					};
				};
			};
			buildConfigurationList = 512B6E312150E1E00068A9F0 /* Build configuration list for PBXProject "Hydraulink" */;
			compatibilityVersion = "Xcode 9.3";
			developmentRegion = en;
			hasScannedForEncodings = 0;
			knownRegions = (
				en,
				Base,
			);
			mainGroup = 512B6E2D2150E1E00068A9F0;
			productRefGroup = 512B6E372150E1E00068A9F0 /* Products */;
			projectDirPath = "";
			projectRoot = "";
			targets = (
				512B6E352150E1E00068A9F0 /* Hydraulink */,
			);
		};
/* End PBXProject section */

/* Begin PBXResourcesBuildPhase section */
		512B6E342150E1E00068A9F0 /* Resources */ = {
			isa = PBXResourcesBuildPhase;
			buildActionMask = 2147483647;
			files = (
				512B6E3E2150E1E10068A9F0 /* Assets.xcassets in Resources */,
				512B6E4A2150E83B0068A9F0 /* server.py in Resources */,
				512B6E412150E1E10068A9F0 /* Main.storyboard in Resources */,
			);
			runOnlyForDeploymentPostprocessing = 0;
		};
/* End PBXResourcesBuildPhase section */

/* Begin PBXSourcesBuildPhase section */
		512B6E322150E1E00068A9F0 /* Sources */ = {
			isa = PBXSourcesBuildPhase;
			buildActionMask = 2147483647;
			files = (
				512B6E3C2150E1E00068A9F0 /* ViewController.swift in Sources */,
				512B6E3A2150E1E00068A9F0 /* AppDelegate.swift in Sources */,
				51D09CFF2151A4CE00BCAB0C /* Client.swift in Sources */,
			);
			runOnlyForDeploymentPostprocessing = 0;
		};
/* End PBXSourcesBuildPhase section */

/* Begin PBXVariantGroup section */
		512B6E3F2150E1E10068A9F0 /* Main.storyboard */ = {
			isa = PBXVariantGroup;
			children = (
				512B6E402150E1E10068A9F0 /* Base */,
			);
			name = Main.storyboard;
			sourceTree = "<group>";
		};
/* End PBXVariantGroup section */

/* Begin XCBuildConfiguration section */
		512B6E442150E1E10068A9F0 /* Debug */ = {
			isa = XCBuildConfiguration;
			buildSettings = {
				ALWAYS_SEARCH_USER_PATHS = NO;
				CLANG_ANALYZER_NONNULL = YES;
				CLANG_ANALYZER_NUMBER_OBJECT_CONVERSION = YES_AGGRESSIVE;
				CLANG_CXX_LANGUAGE_STANDARD = "gnu++14";
				CLANG_CXX_LIBRARY = "libc++";
				CLANG_ENABLE_MODULES = YES;
				CLANG_ENABLE_OBJC_ARC = YES;
				CLANG_ENABLE_OBJC_WEAK = YES;
				CLANG_WARN_BLOCK_CAPTURE_AUTORELEASING = YES;
				CLANG_WARN_BOOL_CONVERSION = YES;
				CLANG_WARN_COMMA = YES;
				CLANG_WARN_CONSTANT_CONVERSION = YES;
				CLANG_WARN_DEPRECATED_OBJC_IMPLEMENTATIONS = YES;
				CLANG_WARN_DIRECT_OBJC_ISA_USAGE = YES_ERROR;
				CLANG_WARN_DOCUMENTATION_COMMENTS = YES;
				CLANG_WARN_EMPTY_BODY = YES;
				CLANG_WARN_ENUM_CONVERSION = YES;
				CLANG_WARN_INFINITE_RECURSION = YES;
				CLANG_WARN_INT_CONVERSION = YES;
				CLANG_WARN_NON_LITERAL_NULL_CONVERSION = YES;
				CLANG_WARN_OBJC_IMPLICIT_RETAIN_SELF = YES;
				CLANG_WARN_OBJC_LITERAL_CONVERSION = YES;
				CLANG_WARN_OBJC_ROOT_CLASS = YES_ERROR;
				CLANG_WARN_RANGE_LOOP_ANALYSIS = YES;
				CLANG_WARN_STRICT_PROTOTYPES = YES;
				CLANG_WARN_SUSPICIOUS_MOVE = YES;
				CLANG_WARN_UNGUARDED_AVAILABILITY = YES_AGGRESSIVE;
				CLANG_WARN_UNREACHABLE_CODE = YES;
				CLANG_WARN__DUPLICATE_METHOD_MATCH = YES;
				CODE_SIGN_IDENTITY = "Mac Developer";
				COPY_PHASE_STRIP = NO;
				DEBUG_INFORMATION_FORMAT = dwarf;
				ENABLE_STRICT_OBJC_MSGSEND = YES;
				ENABLE_TESTABILITY = YES;
				GCC_C_LANGUAGE_STANDARD = gnu11;
				GCC_DYNAMIC_NO_PIC = NO;
				GCC_NO_COMMON_BLOCKS = YES;
				GCC_OPTIMIZATION_LEVEL = 0;
				GCC_PREPROCESSOR_DEFINITIONS = (
					"DEBUG=1",
					"$(inherited)",
				);
				GCC_WARN_64_TO_32_BIT_CONVERSION = YES;
				GCC_WARN_ABOUT_RETURN_TYPE = YES_ERROR;
				GCC_WARN_UNDECLARED_SELECTOR = YES;
				GCC_WARN_UNINITIALIZED_AUTOS = YES_AGGRESSIVE;
				GCC_WARN_UNUSED_FUNCTION = YES;
				GCC_WARN_UNUSED_VARIABLE = YES;
				MACOSX_DEPLOYMENT_TARGET = 10.13;
				MTL_ENABLE_DEBUG_INFO = INCLUDE_SOURCE;
				MTL_FAST_MATH = YES;
				ONLY_ACTIVE_ARCH = YES;
				SDKROOT = macosx;
				SWIFT_ACTIVE_COMPILATION_CONDITIONS = DEBUG;
				SWIFT_OPTIMIZATION_LEVEL = "-Onone";
			};
			name = Debug;
		};
		512B6E452150E1E10068A9F0 /* Release */ = {
			isa = XCBuildConfiguration;
			buildSettings = {
				ALWAYS_SEARCH_USER_PATHS = NO;
				CLANG_ANALYZER_NONNULL = YES;
				CLANG_ANALYZER_NUMBER_OBJECT_CONVERSION = YES_AGGRESSIVE;
				CLANG_CXX_LANGUAGE_STANDARD = "gnu++14";
				CLANG_CXX_LIBRARY = "libc++";
				CLANG_ENABLE_MODULES = YES;
				CLANG_ENABLE_OBJC_ARC = YES;
				CLANG_ENABLE_OBJC_WEAK = YES;
				CLANG_WARN_BLOCK_CAPTURE_AUTORELEASING = YES;
				CLANG_WARN_BOOL_CONVERSION = YES;
				CLANG_WARN_COMMA = YES;
				CLANG_WARN_CONSTANT_CONVERSION = YES;
				CLANG_WARN_DEPRECATED_OBJC_IMPLEMENTATIONS = YES;
				CLANG_WARN_DIRECT_OBJC_ISA_USAGE = YES_ERROR;
				CLANG_WARN_DOCUMENTATION_COMMENTS = YES;
				CLANG_WARN_EMPTY_BODY = YES;
				CLANG_WARN_ENUM_CONVERSION = YES;
				CLANG_WARN_INFINITE_RECURSION = YES;
				CLANG_WARN_INT_CONVERSION = YES;
				CLANG_WARN_NON_LITERAL_NULL_CONVERSION = YES;
				CLANG_WARN_OBJC_IMPLICIT_RETAIN_SELF = YES;
				CLANG_WARN_OBJC_LITERAL_CONVERSION = YES;
				CLANG_WARN_OBJC_ROOT_CLASS = YES_ERROR;
				CLANG_WARN_RANGE_LOOP_ANALYSIS = YES;
				CLANG_WARN_STRICT_PROTOTYPES = YES;
				CLANG_WARN_SUSPICIOUS_MOVE = YES;
				CLANG_WARN_UNGUARDED_AVAILABILITY = YES_AGGRESSIVE;
				CLANG_WARN_UNREACHABLE_CODE = YES;
				CLANG_WARN__DUPLICATE_METHOD_MATCH = YES;
				CODE_SIGN_IDENTITY = "Mac Developer";
				COPY_PHASE_STRIP = NO;
				DEBUG_INFORMATION_FORMAT = "dwarf-with-dsym";
				ENABLE_NS_ASSERTIONS = NO;
				ENABLE_STRICT_OBJC_MSGSEND = YES;
				GCC_C_LANGUAGE_STANDARD = gnu11;
				GCC_NO_COMMON_BLOCKS = YES;
				GCC_WARN_64_TO_32_BIT_CONVERSION = YES;
				GCC_WARN_ABOUT_RETURN_TYPE = YES_ERROR;
				GCC_WARN_UNDECLARED_SELECTOR = YES;
				GCC_WARN_UNINITIALIZED_AUTOS = YES_AGGRESSIVE;
				GCC_WARN_UNUSED_FUNCTION = YES;
				GCC_WARN_UNUSED_VARIABLE = YES;
				MACOSX_DEPLOYMENT_TARGET = 10.13;
				MTL_ENABLE_DEBUG_INFO = NO;
				MTL_FAST_MATH = YES;
				SDKROOT = macosx;
				SWIFT_COMPILATION_MODE = wholemodule;
				SWIFT_OPTIMIZATION_LEVEL = "-O";
			};
			name = Release;
		};
		512B6E472150E1E10068A9F0 /* Debug */ = {
			isa = XCBuildConfiguration;
			buildSettings = {
				ASSETCATALOG_COMPILER_APPICON_NAME = AppIcon;
				CODE_SIGN_ENTITLEMENTS = SocketClient/SocketClient.entitlements;
				CODE_SIGN_STYLE = Automatic;
				COMBINE_HIDPI_IMAGES = YES;
				DEVELOPMENT_TEAM = XPY4SPXRZE;
				INFOPLIST_FILE = SocketClient/Info.plist;
				LD_RUNPATH_SEARCH_PATHS = (
					"$(inherited)",
					"@executable_path/../Frameworks",
				);
				PRODUCT_BUNDLE_IDENTIFIER = com.tk.Hydraulink;
				PRODUCT_NAME = "$(TARGET_NAME)";
				SWIFT_VERSION = 4.2;
			};
			name = Debug;
		};
		512B6E482150E1E10068A9F0 /* Release */ = {
			isa = XCBuildConfiguration;
			buildSettings = {
				ASSETCATALOG_COMPILER_APPICON_NAME = AppIcon;
				CODE_SIGN_ENTITLEMENTS = SocketClient/SocketClient.entitlements;
				CODE_SIGN_STYLE = Automatic;
				COMBINE_HIDPI_IMAGES = YES;
				DEVELOPMENT_TEAM = XPY4SPXRZE;
				INFOPLIST_FILE = SocketClient/Info.plist;
				LD_RUNPATH_SEARCH_PATHS = (
					"$(inherited)",
					"@executable_path/../Frameworks",
				);
				PRODUCT_BUNDLE_IDENTIFIER = com.tk.Hydraulink;
				PRODUCT_NAME = "$(TARGET_NAME)";
				SWIFT_VERSION = 4.2;
			};
			name = Release;
		};
/* End XCBuildConfiguration section */

/* Begin XCConfigurationList section */
		512B6E312150E1E00068A9F0 /* Build configuration list for PBXProject "Hydraulink" */ = {
			isa = XCConfigurationList;
			buildConfigurations = (
				512B6E442150E1E10068A9F0 /* Debug */,
				512B6E452150E1E10068A9F0 /* Release */,
			);
			defaultConfigurationIsVisible = 0;
			defaultConfigurationName = Release;
		};
		512B6E462150E1E10068A9F0 /* Build configuration list for PBXNativeTarget "Hydraulink" */ = {
			isa = XCConfigurationList;
			buildConfigurations = (
				512B6E472150E1E10068A9F0 /* Debug */,
				512B6E482150E1E10068A9F0 /* Release */,
			);
			defaultConfigurationIsVisible = 0;
			defaultConfigurationName = Release;
		};
/* End XCConfigurationList section */
	};
	rootObject = 512B6E2E2150E1E00068A9F0 /* Project object */;
}
